{
  "originHash" : "baeb392b70d7dcd60f5a516d522d13c4c461e0612fd072df52fb363ff4cf4a7f",
  "pins" : [
    {
      "identity" : "corekit",
      "kind" : "remoteSourceControl",
      "location" : "https://github.com/TimurkaevMalik/CoreKit.git",
      "state" : {
        "revision" : "b4ba182a11ec9176155a55ed7426aa78e5a0e77b",
        "version" : "2.3.0"
      }
    },
    {
      "identity" : "helperssharedunsp",
      "kind" : "remoteSourceControl",
      "location" : "https://github.com/TimurkaevMalik/HelpersSharedUnsp.git",
      "state" : {
        "branch" : "main",
        "revision" : "b88f85d3c3306c2f45e7ee5c294391f0a4507b5c"
      }
    },
    {
      "identity" : "keychainstoragekit",
      "kind" : "remoteSourceControl",
      "location" : "https://github.com/TimurkaevMalik/KeychainStorageKit.git",
      "state" : {
        "revision" : "87054d491ab887317e10c088c46fac882e2694c9",
        "version" : "1.1.3"
      }
    },
    {
      "identity" : "loggingkit",
      "kind" : "remoteSourceControl",
      "location" : "https://github.com/TimurkaevMalik/LoggingKit.git",
      "state" : {
        "revision" : "0556c04f2bb0a62bd521a06288656b0f013f1825",
        "version" : "1.1.1"
      }
    },
    {
      "identity" : "networkkit",
      "kind" : "remoteSourceControl",
      "location" : "https://github.com/TimurkaevMalik/NetworkKit.git",
      "state" : {
        "branch" : "main",
        "revision" : "c4dd8f35c1c8972726da67bfe099f43c7fcc2a70"
      }
    },
    {
      "identity" : "snapkit",
      "kind" : "remoteSourceControl",
      "location" : "https://github.com/SnapKit/SnapKit.git",
      "state" : {
        "revision" : "2842e6e84e82eb9a8dac0100ca90d9444b0307f4",
        "version" : "5.7.1"
      }
    },
    {
      "identity" : "valet",
      "kind" : "remoteSourceControl",
      "location" : "https://github.com/square/Valet.git",
      "state" : {
        "revision" : "05c9e514fbd352a6866877ca31326b4e0b7d6d01",
        "version" : "5.0.0"
      }
    }
  ],
  "version" : 3
}
