{
  "originHash" : "482b4916c756df51ae731d18d3c845b89348e87e2ea182d5fb383f9c85421b0a",
  "pins" : [
    {
      "identity" : "corekit",
      "kind" : "remoteSourceControl",
      "location" : "https://github.com/TimurkaevMalik/CoreKit.git",
      "state" : {
        "revision" : "b4ba182a11ec9176155a55ed7426aa78e5a0e77b",
        "version" : "2.3.0"
      }
    },
    {
      "identity" : "helperssharedunsp",
      "kind" : "remoteSourceControl",
      "location" : "https://github.com/TimurkaevMalik/HelpersSharedUnsp.git",
      "state" : {
        "branch" : "main",
        "revision" : "b88f85d3c3306c2f45e7ee5c294391f0a4507b5c"
      }
    },
    {
      "identity" : "networkkit",
      "kind" : "remoteSourceControl",
      "location" : "https://github.com/TimurkaevMalik/NetworkKit.git",
      "state" : {
        "branch" : "main",
        "revision" : "c4dd8f35c1c8972726da67bfe099f43c7fcc2a70"
      }
    }
  ],
  "version" : 3
}
