{
  "originHash" : "fea95872d501bec1efe4285a6345b90f89970ceeac84e58745370e8810ef84a9",
  "pins" : [
    {
      "identity" : "corekit",
      "kind" : "remoteSourceControl",
      "location" : "https://github.com/TimurkaevMalik/CoreKit.git",
      "state" : {
        "revision" : "13e39965ba56f8266d041e82cb1c5d5e1d31393f",
        "version" : "2.14.0"
      }
    },
    {
      "identity" : "helperssharedunsp",
      "kind" : "remoteSourceControl",
      "location" : "https://github.com/TimurkaevMalik/HelpersSharedUnsp.git",
      "state" : {
        "branch" : "main",
        "revision" : "6525b2bc00870aa562cd638bf5e0cafddaebfccc"
      }
    },
    {
      "identity" : "keychainstoragekit",
      "kind" : "remoteSourceControl",
      "location" : "https://github.com/TimurkaevMalik/KeychainStorageKit.git",
      "state" : {
        "revision" : "7ac80d5180499663c2d20f449d2a6843e0d8e206",
        "version" : "1.8.0"
      }
    },
    {
      "identity" : "loggingkit",
      "kind" : "remoteSourceControl",
      "location" : "https://github.com/TimurkaevMalik/LoggingKit.git",
      "state" : {
        "revision" : "21671dff7251bb8bb062eccf87b5896014851867",
        "version" : "1.3.0"
      }
    },
    {
      "identity" : "networkkit",
      "kind" : "remoteSourceControl",
      "location" : "https://github.com/TimurkaevMalik/NetworkKit.git",
      "state" : {
        "revision" : "da3254b0fce8bac123edff0f0c8a9f3138fb568c",
        "version" : "1.7.0"
      }
    },
    {
      "identity" : "snapkit",
      "kind" : "remoteSourceControl",
      "location" : "https://github.com/SnapKit/SnapKit.git",
      "state" : {
        "revision" : "2842e6e84e82eb9a8dac0100ca90d9444b0307f4",
        "version" : "5.7.1"
      }
    },
    {
      "identity" : "snapkitwrapper",
      "kind" : "remoteSourceControl",
      "location" : "https://github.com/TimurkaevMalik/SnapKitWrapper.git",
      "state" : {
        "revision" : "842587aa99882126eed2f36c1628a66d5be06542",
        "version" : "5.8.0"
      }
    },
    {
      "identity" : "valet",
      "kind" : "remoteSourceControl",
      "location" : "https://github.com/square/Valet.git",
      "state" : {
        "revision" : "05c9e514fbd352a6866877ca31326b4e0b7d6d01",
        "version" : "5.0.0"
      }
    },
    {
      "identity" : "valetwrapper",
      "kind" : "remoteSourceControl",
      "location" : "https://github.com/TimurkaevMalik/ValetWrapper.git",
      "state" : {
        "revision" : "7632563e64f402cfd45697cf6f623e9fcc47dcf1",
        "version" : "1.2.0"
      }
    }
  ],
  "version" : 3
}
